version = 1
revision = 3
requires-python = ">=3.11, <=3.14"

[[package]]
name = "kaitaistruct"
version = "0.11"
source = { registry = "https://pypi.org/simple" }
sdist = { url = "https://files.pythonhosted.org/packages/27/b8/ca7319556912f68832daa4b81425314857ec08dfccd8dbc8c0f65c992108/kaitaistruct-0.11.tar.gz", hash = "sha256:053ee764288e78b8e53acf748e9733268acbd579b8d82a427b1805453625d74b", size = 11519, upload-time = "2025-09-08T15:46:25.037Z" }
wheels = [
    { url = "https://files.pythonhosted.org/packages/4a/4a/cf14bf3b1f5ffb13c69cf5f0ea78031247790558ee88984a8bdd22fae60d/kaitaistruct-0.11-py2.py3-none-any.whl", hash = "sha256:5c6ce79177b4e193a577ecd359e26516d1d6d000a0bffd6e1010f2a46a62a561", size = 11372, upload-time = "2025-09-08T15:46:23.635Z" },
]

[[package]]
name = "nanoprof"
version = "0.1.0"
source = { editable = "." }
dependencies = [
    { name = "kaitaistruct" },
]

[package.dev-dependencies]
dev = [
    { name = "setuptools" },
]

[package.metadata]
requires-dist = [{ name = "kaitaistruct", specifier = ">=0.11" }]

[package.metadata.requires-dev]
dev = [{ name = "setuptools", specifier = ">=80" }]

[[package]]
name = "setuptools"
version = "80.9.0"
source = { registry = "https://pypi.org/simple" }
sdist = { url = "https://files.pythonhosted.org/packages/18/5d/3bf57dcd21979b887f014ea83c24ae194cfcd12b9e0fda66b957c69d1fca/setuptools-80.9.0.tar.gz", hash = "sha256:f36b47402ecde768dbfafc46e8e4207b4360c654f1f3bb84475f0a28628fb19c", size = 1319958, upload-time = "2025-05-27T00:56:51.443Z" }
wheels = [
    { url = "https://files.pythonhosted.org/packages/a3/dc/17031897dae0efacfea57dfd3a82fdd2a2aeb58e0ff71b77b87e44edc772/setuptools-80.9.0-py3-none-any.whl", hash = "sha256:062d34222ad13e0cc312a4c02d73f059e86a4acbfbdea8f8f76b28c99f306922", size = 1201486, upload-time = "2025-05-27T00:56:49.664Z" },
]
